
Microsoft Visual Studio Solution File, Format Version 12.00
# Visual Studio Version 16
VisualStudioVersion = 16.0.30907.101
MinimumVisualStudioVersion = 10.0.40219.1
Project("{FAE04EC0-301F-11D3-BF4B-00C04F79EFBC}") = "WindowsFormsApp1", "WindowsFormsApp1\WindowsFormsApp1.csproj", "{8B875A52-E0F2-4C28-81A6-78B44A48ADD4}"
EndProject
Global
	GlobalSection(SolutionConfigurationPlatforms) = preSolution
		Debug|Any CPU = Debug|Any CPU
		Release|Any CPU = Release|Any CPU
	EndGlobalSection
	GlobalSection(ProjectConfigurationPlatforms) = postSolution
		{8B875A52-E0F2-4C28-81A6-78B44A48ADD4}.Debug|Any CPU.ActiveCfg = Debug|Any CPU
		{8B875A52-E0F2-4C28-81A6-78B44A48ADD4}.Debug|Any CPU.Build.0 = Debug|Any CPU
		{8B875A52-E0F2-4C28-81A6-78B44A48ADD4}.Release|Any CPU.ActiveCfg = Release|Any CPU
		{8B875A52-E0F2-4C28-81A6-78B44A48ADD4}.Release|Any CPU.Build.0 = Release|Any CPU
	EndGlobalSection
	GlobalSection(SolutionProperties) = preSolution
		HideSolutionNode = FALSE
	EndGlobalSection
	GlobalSection(ExtensibilityGlobals) = postSolution
		SolutionGuid = {761F16A3-4C87-4E6D-9B58-929BEF401E13}
	EndGlobalSection
EndGlobal
